
Microsoft Visual Studio Solution File, Format Version 12.00
# Visual Studio 15
VisualStudioVersion = 15.0.28010.2050
MinimumVisualStudioVersion = 10.0.40219.1
Project("{8BC9CEB8-8B4A-11D0-8D11-00A0C91BC942}") = "Skoczek", "Skoczek\Skoczek.vcxproj", "{A80222F9-E2BF-45F7-AA4A-14E6D2857484}"
EndProject
Global
	GlobalSection(SolutionConfigurationPlatforms) = preSolution
		Debug|x64 = Debug|x64
		Debug|x86 = Debug|x86
		Release|x64 = Release|x64
		Release|x86 = Release|x86
	EndGlobalSection
	GlobalSection(ProjectConfigurationPlatforms) = postSolution
		{A80222F9-E2BF-45F7-AA4A-14E6D2857484}.Debug|x64.ActiveCfg = Debug|x64
		{A80222F9-E2BF-45F7-AA4A-14E6D2857484}.Debug|x64.Build.0 = Debug|x64
		{A80222F9-E2BF-45F7-AA4A-14E6D2857484}.Debug|x86.ActiveCfg = Debug|Win32
		{A80222F9-E2BF-45F7-AA4A-14E6D2857484}.Debug|x86.Build.0 = Debug|Win32
		{A80222F9-E2BF-45F7-AA4A-14E6D2857484}.Release|x64.ActiveCfg = Release|x64
		{A80222F9-E2BF-45F7-AA4A-14E6D2857484}.Release|x64.Build.0 = Release|x64
		{A80222F9-E2BF-45F7-AA4A-14E6D2857484}.Release|x86.ActiveCfg = Release|Win32
		{A80222F9-E2BF-45F7-AA4A-14E6D2857484}.Release|x86.Build.0 = Release|Win32
	EndGlobalSection
	GlobalSection(SolutionProperties) = preSolution
		HideSolutionNode = FALSE
	EndGlobalSection
	GlobalSection(ExtensibilityGlobals) = postSolution
		SolutionGuid = {7C972B2C-AB03-48FC-AFE2-73C2D1DECF6F}
	EndGlobalSection
EndGlobal
